PATH
  remote: .
  specs:
    prismic.io (1.8.4)
      hashery (~> 2.1.1)

GEM
  remote: https://rubygems.org/
  specs:
    diff-lcs (1.6.2)
    hashery (2.1.2)
    mini_portile2 (2.8.9)
    nokogiri (1.19.3)
      mini_portile2 (~> 2.8.2)
      racc (~> 1.4)
    nokogiri (1.19.3-java)
      racc (~> 1.4)
    nokogiri (1.19.3-x86_64-darwin)
      racc (~> 1.4)
    nokogiri (1.19.3-x86_64-linux-gnu)
      racc (~> 1.4)
    racc (1.8.1)
    racc (1.8.1-java)
    rspec (3.13.2)
      rspec-core (~> 3.13.0)
      rspec-expectations (~> 3.13.0)
      rspec-mocks (~> 3.13.0)
    rspec-core (3.13.6)
      rspec-support (~> 3.13.0)
    rspec-expectations (3.13.5)
      diff-lcs (>= 1.2.0, < 2.0)
      rspec-support (~> 3.13.0)
    rspec-mocks (3.13.8)
      diff-lcs (>= 1.2.0, < 2.0)
      rspec-support (~> 3.13.0)
    rspec-support (3.13.7)
    yajl-ruby (1.4.3)

PLATFORMS
  java
  ruby
  x86_64-darwin-19
  x86_64-linux

DEPENDENCIES
  hashery (~> 2.1.1)
  nokogiri (~> 1.19)
  prismic.io!
  rspec (~> 3.0)
  yajl-ruby

BUNDLED WITH
   2.4.19
